
Microsoft Visual Studio Solution File, Format Version 12.00
# Visual Studio 15
VisualStudioVersion = 15.0.28307.645
MinimumVisualStudioVersion = 10.0.40219.1
Project("{FAE04EC0-301F-11D3-BF4B-00C04F79EFBC}") = "AppleCounterNetCore", "AppleCounterNetCore\AppleCounterNetCore.csproj", "{88E7D794-A95E-4884-871A-EA4CF7415B7C}"
EndProject
Global
	GlobalSection(SolutionConfigurationPlatforms) = preSolution
		Debug|Any CPU = Debug|Any CPU
		Release|Any CPU = Release|Any CPU
	EndGlobalSection
	GlobalSection(ProjectConfigurationPlatforms) = postSolution
		{88E7D794-A95E-4884-871A-EA4CF7415B7C}.Debug|Any CPU.ActiveCfg = Debug|Any CPU
		{88E7D794-A95E-4884-871A-EA4CF7415B7C}.Debug|Any CPU.Build.0 = Debug|Any CPU
		{88E7D794-A95E-4884-871A-EA4CF7415B7C}.Release|Any CPU.ActiveCfg = Release|Any CPU
		{88E7D794-A95E-4884-871A-EA4CF7415B7C}.Release|Any CPU.Build.0 = Release|Any CPU
	EndGlobalSection
	GlobalSection(SolutionProperties) = preSolution
		HideSolutionNode = FALSE
	EndGlobalSection
	GlobalSection(ExtensibilityGlobals) = postSolution
		SolutionGuid = {99775749-AA9C-4CD1-A6C8-6A0D56FD6342}
	EndGlobalSection
EndGlobal
